
Microsoft Visual Studio Solution File, Format Version 12.00
# Visual Studio 15
VisualStudioVersion = 15.0.26730.10
MinimumVisualStudioVersion = 10.0.40219.1
Project("{9A19103F-16F7-4668-BE54-9A1E7A4F7556}") = "1_EFCore_1", "1_EFCore_1\1_EFCore_1.csproj", "{69296E46-0778-4127-B79F-E204DBB5DCB5}"
EndProject
Project("{FAE04EC0-301F-11D3-BF4B-00C04F79EFBC}") = "RupengBBS.Service", "RupengBBS.Service\RupengBBS.Service.csproj", "{F4304AEB-BE2E-49EC-BBD3-EAE677804889}"
EndProject
Global
	GlobalSection(SolutionConfigurationPlatforms) = preSolution
		Debug|Any CPU = Debug|Any CPU
		Release|Any CPU = Release|Any CPU
	EndGlobalSection
	GlobalSection(ProjectConfigurationPlatforms) = postSolution
		{69296E46-0778-4127-B79F-E204DBB5DCB5}.Debug|Any CPU.ActiveCfg = Debug|Any CPU
		{69296E46-0778-4127-B79F-E204DBB5DCB5}.Debug|Any CPU.Build.0 = Debug|Any CPU
		{69296E46-0778-4127-B79F-E204DBB5DCB5}.Release|Any CPU.ActiveCfg = Release|Any CPU
		{69296E46-0778-4127-B79F-E204DBB5DCB5}.Release|Any CPU.Build.0 = Release|Any CPU
		{F4304AEB-BE2E-49EC-BBD3-EAE677804889}.Debug|Any CPU.ActiveCfg = Debug|Any CPU
		{F4304AEB-BE2E-49EC-BBD3-EAE677804889}.Debug|Any CPU.Build.0 = Debug|Any CPU
		{F4304AEB-BE2E-49EC-BBD3-EAE677804889}.Release|Any CPU.ActiveCfg = Release|Any CPU
		{F4304AEB-BE2E-49EC-BBD3-EAE677804889}.Release|Any CPU.Build.0 = Release|Any CPU
	EndGlobalSection
	GlobalSection(SolutionProperties) = preSolution
		HideSolutionNode = FALSE
	EndGlobalSection
	GlobalSection(ExtensibilityGlobals) = postSolution
		SolutionGuid = {97EA1BB5-0C6B-4444-9F29-2B55345C0606}
	EndGlobalSection
EndGlobal
